
Microsoft Visual Studio Solution File, Format Version 12.00
# Visual Studio Version 17
VisualStudioVersion = 17.0.32014.148
MinimumVisualStudioVersion = 10.0.40219.1
Project("{9A19103F-16F7-4668-BE54-9A1E7A4F7556}") = "Lesson_4", "Lesson_4.csproj", "{9ECB1160-3C84-4D32-B3C9-6889326E7EF5}"
EndProject
Project("{FAE04EC0-301F-11D3-BF4B-00C04F79EFBC}") = "Lesson_3", "..\Lesson_3\Lesson_3.csproj", "{6FE54D09-2680-4510-8E06-BB766650D1D0}"
EndProject
Global
	GlobalSection(SolutionConfigurationPlatforms) = preSolution
		Debug|Any CPU = Debug|Any CPU
		Release|Any CPU = Release|Any CPU
	EndGlobalSection
	GlobalSection(ProjectConfigurationPlatforms) = postSolution
		{9ECB1160-3C84-4D32-B3C9-6889326E7EF5}.Debug|Any CPU.ActiveCfg = Debug|Any CPU
		{9ECB1160-3C84-4D32-B3C9-6889326E7EF5}.Debug|Any CPU.Build.0 = Debug|Any CPU
		{9ECB1160-3C84-4D32-B3C9-6889326E7EF5}.Release|Any CPU.ActiveCfg = Release|Any CPU
		{9ECB1160-3C84-4D32-B3C9-6889326E7EF5}.Release|Any CPU.Build.0 = Release|Any CPU
		{6FE54D09-2680-4510-8E06-BB766650D1D0}.Debug|Any CPU.ActiveCfg = Debug|Any CPU
		{6FE54D09-2680-4510-8E06-BB766650D1D0}.Debug|Any CPU.Build.0 = Debug|Any CPU
		{6FE54D09-2680-4510-8E06-BB766650D1D0}.Release|Any CPU.ActiveCfg = Release|Any CPU
		{6FE54D09-2680-4510-8E06-BB766650D1D0}.Release|Any CPU.Build.0 = Release|Any CPU
	EndGlobalSection
	GlobalSection(SolutionProperties) = preSolution
		HideSolutionNode = FALSE
	EndGlobalSection
	GlobalSection(ExtensibilityGlobals) = postSolution
		SolutionGuid = {540AEF01-D275-4B6F-89F2-E9C49E79B499}
	EndGlobalSection
EndGlobal
